
Microsoft Visual Studio Solution File, Format Version 12.00
# Visual Studio Version 16
VisualStudioVersion = 16.0.30320.27
MinimumVisualStudioVersion = 10.0.40219.1
Project("{9A19103F-16F7-4668-BE54-9A1E7A4F7556}") = "PlanningPoker.Functions", "PlanningPoker.Functions\PlanningPoker.Functions.csproj", "{622CA02F-568B-47D3-8761-89D721E5B6F3}"
EndProject
Project("{9A19103F-16F7-4668-BE54-9A1E7A4F7556}") = "PlanningPoker.Api", "PlanningPoker.Api\PlanningPoker.Api.csproj", "{7A404997-BD6D-4B8C-A2C6-68104023BFBB}"
EndProject
Project("{2150E333-8FDC-42A3-9474-1A3956D46DE8}") = "Src", "Src", "{119EC953-2D74-4AF6-AB60-218E7E7DFC7D}"
EndProject
Project("{2150E333-8FDC-42A3-9474-1A3956D46DE8}") = "Test", "Test", "{9DA38293-4B41-4BFD-9C41-EE182B03453C}"
EndProject
Project("{FAE04EC0-301F-11D3-BF4B-00C04F79EFBC}") = "Planning.Web.Api", "Planning.Web.Api\Planning.Web.Api.csproj", "{A5559B9D-409B-4467-B641-301EDB50FD1B}"
EndProject
Global
	GlobalSection(SolutionConfigurationPlatforms) = preSolution
		Debug|Any CPU = Debug|Any CPU
		Release|Any CPU = Release|Any CPU
	EndGlobalSection
	GlobalSection(ProjectConfigurationPlatforms) = postSolution
		{622CA02F-568B-47D3-8761-89D721E5B6F3}.Debug|Any CPU.ActiveCfg = Debug|Any CPU
		{622CA02F-568B-47D3-8761-89D721E5B6F3}.Debug|Any CPU.Build.0 = Debug|Any CPU
		{622CA02F-568B-47D3-8761-89D721E5B6F3}.Release|Any CPU.ActiveCfg = Release|Any CPU
		{622CA02F-568B-47D3-8761-89D721E5B6F3}.Release|Any CPU.Build.0 = Release|Any CPU
		{7A404997-BD6D-4B8C-A2C6-68104023BFBB}.Debug|Any CPU.ActiveCfg = Debug|Any CPU
		{7A404997-BD6D-4B8C-A2C6-68104023BFBB}.Debug|Any CPU.Build.0 = Debug|Any CPU
		{7A404997-BD6D-4B8C-A2C6-68104023BFBB}.Release|Any CPU.ActiveCfg = Release|Any CPU
		{7A404997-BD6D-4B8C-A2C6-68104023BFBB}.Release|Any CPU.Build.0 = Release|Any CPU
		{A5559B9D-409B-4467-B641-301EDB50FD1B}.Debug|Any CPU.ActiveCfg = Debug|Any CPU
		{A5559B9D-409B-4467-B641-301EDB50FD1B}.Debug|Any CPU.Build.0 = Debug|Any CPU
		{A5559B9D-409B-4467-B641-301EDB50FD1B}.Release|Any CPU.ActiveCfg = Release|Any CPU
		{A5559B9D-409B-4467-B641-301EDB50FD1B}.Release|Any CPU.Build.0 = Release|Any CPU
	EndGlobalSection
	GlobalSection(SolutionProperties) = preSolution
		HideSolutionNode = FALSE
	EndGlobalSection
	GlobalSection(NestedProjects) = preSolution
		{622CA02F-568B-47D3-8761-89D721E5B6F3} = {119EC953-2D74-4AF6-AB60-218E7E7DFC7D}
		{7A404997-BD6D-4B8C-A2C6-68104023BFBB} = {119EC953-2D74-4AF6-AB60-218E7E7DFC7D}
		{A5559B9D-409B-4467-B641-301EDB50FD1B} = {119EC953-2D74-4AF6-AB60-218E7E7DFC7D}
	EndGlobalSection
	GlobalSection(ExtensibilityGlobals) = postSolution
		SolutionGuid = {4A0AAC98-A525-4DF1-B94F-283C98FA894D}
	EndGlobalSection
EndGlobal
